
Microsoft Visual Studio Solution File, Format Version 12.00
# Visual Studio Version 16
VisualStudioVersion = 16.0.31702.278
MinimumVisualStudioVersion = 10.0.40219.1
Project("{FAE04EC0-301F-11D3-BF4B-00C04F79EFBC}") = "TU-Factory", "TU-Factory\TU-Factory.csproj", "{2CE605DC-6596-4E20-9094-F5483A391B9A}"
EndProject
Global
	GlobalSection(SolutionConfigurationPlatforms) = preSolution
		Debug|Any CPU = Debug|Any CPU
		Release|Any CPU = Release|Any CPU
	EndGlobalSection
	GlobalSection(ProjectConfigurationPlatforms) = postSolution
		{2CE605DC-6596-4E20-9094-F5483A391B9A}.Debug|Any CPU.ActiveCfg = Debug|Any CPU
		{2CE605DC-6596-4E20-9094-F5483A391B9A}.Debug|Any CPU.Build.0 = Debug|Any CPU
		{2CE605DC-6596-4E20-9094-F5483A391B9A}.Release|Any CPU.ActiveCfg = Release|Any CPU
		{2CE605DC-6596-4E20-9094-F5483A391B9A}.Release|Any CPU.Build.0 = Release|Any CPU
	EndGlobalSection
	GlobalSection(SolutionProperties) = preSolution
		HideSolutionNode = FALSE
	EndGlobalSection
	GlobalSection(ExtensibilityGlobals) = postSolution
		SolutionGuid = {3C7A1EDA-4E84-4703-9790-B08AB02FFB2A}
	EndGlobalSection
EndGlobal
