
Microsoft Visual Studio Solution File, Format Version 12.00
# Visual Studio Version 16
VisualStudioVersion = 16.0.31702.278
MinimumVisualStudioVersion = 10.0.40219.1
Project("{FAE04EC0-301F-11D3-BF4B-00C04F79EFBC}") = "TU-SkiSim", "TU-SkiSim\TU-SkiSim.csproj", "{DF91CB8D-6DF3-4A67-9304-7DA21630B67B}"
EndProject
Global
	GlobalSection(SolutionConfigurationPlatforms) = preSolution
		Debug|Any CPU = Debug|Any CPU
		Release|Any CPU = Release|Any CPU
	EndGlobalSection
	GlobalSection(ProjectConfigurationPlatforms) = postSolution
		{DF91CB8D-6DF3-4A67-9304-7DA21630B67B}.Debug|Any CPU.ActiveCfg = Debug|Any CPU
		{DF91CB8D-6DF3-4A67-9304-7DA21630B67B}.Debug|Any CPU.Build.0 = Debug|Any CPU
		{DF91CB8D-6DF3-4A67-9304-7DA21630B67B}.Release|Any CPU.ActiveCfg = Release|Any CPU
		{DF91CB8D-6DF3-4A67-9304-7DA21630B67B}.Release|Any CPU.Build.0 = Release|Any CPU
	EndGlobalSection
	GlobalSection(SolutionProperties) = preSolution
		HideSolutionNode = FALSE
	EndGlobalSection
	GlobalSection(ExtensibilityGlobals) = postSolution
		SolutionGuid = {B505133B-DCFE-4EFC-92A0-A5DE4C196067}
	EndGlobalSection
EndGlobal
